
Microsoft Visual Studio Solution File, Format Version 12.00
# Visual Studio Version 17
VisualStudioVersion = 17.0.31903.59
MinimumVisualStudioVersion = 10.0.40219.1
Project("{FAE04EC0-301F-11D3-BF4B-00C04F79EFBC}") = "Homework4", "Homework4\Homework4.csproj", "{AE3B053A-F91D-4ED8-901B-FB1F2FFCB173}"
EndProject
Project("{FAE04EC0-301F-11D3-BF4B-00C04F79EFBC}") = "Homework4_Tests", "Homework4_Tests\Homework4_Tests.csproj", "{ACD783A1-FCB9-4173-89D8-C5EBC8A77A0B}"
EndProject
Global
	GlobalSection(SolutionConfigurationPlatforms) = preSolution
		Debug|Any CPU = Debug|Any CPU
		Release|Any CPU = Release|Any CPU
	EndGlobalSection
	GlobalSection(SolutionProperties) = preSolution
		HideSolutionNode = FALSE
	EndGlobalSection
	GlobalSection(ProjectConfigurationPlatforms) = postSolution
		{AE3B053A-F91D-4ED8-901B-FB1F2FFCB173}.Debug|Any CPU.ActiveCfg = Debug|Any CPU
		{AE3B053A-F91D-4ED8-901B-FB1F2FFCB173}.Debug|Any CPU.Build.0 = Debug|Any CPU
		{AE3B053A-F91D-4ED8-901B-FB1F2FFCB173}.Release|Any CPU.ActiveCfg = Release|Any CPU
		{AE3B053A-F91D-4ED8-901B-FB1F2FFCB173}.Release|Any CPU.Build.0 = Release|Any CPU
		{ACD783A1-FCB9-4173-89D8-C5EBC8A77A0B}.Debug|Any CPU.ActiveCfg = Debug|Any CPU
		{ACD783A1-FCB9-4173-89D8-C5EBC8A77A0B}.Debug|Any CPU.Build.0 = Debug|Any CPU
		{ACD783A1-FCB9-4173-89D8-C5EBC8A77A0B}.Release|Any CPU.ActiveCfg = Release|Any CPU
		{ACD783A1-FCB9-4173-89D8-C5EBC8A77A0B}.Release|Any CPU.Build.0 = Release|Any CPU
	EndGlobalSection
EndGlobal
